{
  "name": "2309-wns-jaune-eco-voit",
  "lockfileVersion": 3,
  "requires": true,
  "packages": {
    "": {
      "dependencies": {
        "haversine-distance": "^1.2.3"
      }
    },
    "node_modules/haversine-distance": {
      "version": "1.2.3",
      "resolved": "https://registry.npmjs.org/haversine-distance/-/haversine-distance-1.2.3.tgz",
      "integrity": "sha512-cRKtuukt+/fVprlLueX30mytMNtiQ4tff93FDW9yrBx3BYrq6gujiw1+hEaaxssKlOZTm8R3BPtMbNM+n0+bqQ=="
    }
  }
}
